
Microsoft Visual Studio Solution File, Format Version 12.00
# Visual Studio 14
VisualStudioVersion = 14.0.25420.1
MinimumVisualStudioVersion = 10.0.40219.1
Project("{FAE04EC0-301F-11D3-BF4B-00C04F79EFBC}") = "WebScraperConsole", "WebScraperConsole\WebScraperConsole.csproj", "{C1568FA1-5DC0-4DA7-AAC4-AA2826253709}"
EndProject
Project("{FAE04EC0-301F-11D3-BF4B-00C04F79EFBC}") = "WebScraper", "WebScraper\WebScraper.csproj", "{D5900B5B-4960-4DCA-8B03-AD53246C0267}"
EndProject
Project("{FAE04EC0-301F-11D3-BF4B-00C04F79EFBC}") = "EmailExtractorConsole", "EmailExtractorConsole\EmailExtractorConsole.csproj", "{6CC2CE09-30DF-4438-B98C-EBCEBE875BAC}"
EndProject
Global
	GlobalSection(SolutionConfigurationPlatforms) = preSolution
		Debug|Any CPU = Debug|Any CPU
		Release|Any CPU = Release|Any CPU
	EndGlobalSection
	GlobalSection(ProjectConfigurationPlatforms) = postSolution
		{C1568FA1-5DC0-4DA7-AAC4-AA2826253709}.Debug|Any CPU.ActiveCfg = Debug|Any CPU
		{C1568FA1-5DC0-4DA7-AAC4-AA2826253709}.Debug|Any CPU.Build.0 = Debug|Any CPU
		{C1568FA1-5DC0-4DA7-AAC4-AA2826253709}.Release|Any CPU.ActiveCfg = Release|Any CPU
		{C1568FA1-5DC0-4DA7-AAC4-AA2826253709}.Release|Any CPU.Build.0 = Release|Any CPU
		{D5900B5B-4960-4DCA-8B03-AD53246C0267}.Debug|Any CPU.ActiveCfg = Debug|Any CPU
		{D5900B5B-4960-4DCA-8B03-AD53246C0267}.Debug|Any CPU.Build.0 = Debug|Any CPU
		{D5900B5B-4960-4DCA-8B03-AD53246C0267}.Release|Any CPU.ActiveCfg = Release|Any CPU
		{D5900B5B-4960-4DCA-8B03-AD53246C0267}.Release|Any CPU.Build.0 = Release|Any CPU
		{6CC2CE09-30DF-4438-B98C-EBCEBE875BAC}.Debug|Any CPU.ActiveCfg = Debug|Any CPU
		{6CC2CE09-30DF-4438-B98C-EBCEBE875BAC}.Debug|Any CPU.Build.0 = Debug|Any CPU
		{6CC2CE09-30DF-4438-B98C-EBCEBE875BAC}.Release|Any CPU.ActiveCfg = Release|Any CPU
		{6CC2CE09-30DF-4438-B98C-EBCEBE875BAC}.Release|Any CPU.Build.0 = Release|Any CPU
	EndGlobalSection
	GlobalSection(SolutionProperties) = preSolution
		HideSolutionNode = FALSE
	EndGlobalSection
EndGlobal
